// !$*UTF8*$!
{
	archiveVersion = 1;
	classes = {};
	objectVersion = 56;
	objects = {

		AA01 = {isa = PBXBuildFile; fileRef = FA01; };
		AA02 = {isa = PBXBuildFile; fileRef = FA02; };
		AA03 = {isa = PBXBuildFile; fileRef = FA03; };
		AA04 = {isa = PBXBuildFile; fileRef = FA04; };

		FA00 = {isa = PBXFileReference; explicitFileType = wrapper.application; includeInIndex = 0; path = FakeCall.app; sourceTree = BUILT_PRODUCTS_DIR; };
		FA01 = {isa = PBXFileReference; lastKnownFileType = sourcecode.swift; path = AppDelegate.swift; sourceTree = "<group>"; };
		FA02 = {isa = PBXFileReference; lastKnownFileType = sourcecode.swift; path = SetupViewController.swift; sourceTree = "<group>"; };
		FA03 = {isa = PBXFileReference; lastKnownFileType = sourcecode.swift; path = IncomingCallViewController.swift; sourceTree = "<group>"; };
		FA05 = {isa = PBXFileReference; lastKnownFileType = sourcecode.swift; path = CallInProgressViewController.swift; sourceTree = "<group>"; };
		FA04 = {isa = PBXFileReference; lastKnownFileType = folder.assetcatalog; path = Assets.xcassets; sourceTree = "<group>"; };
		FA06 = {isa = PBXFileReference; lastKnownFileType = text.plist.xml; path = Info.plist; sourceTree = "<group>"; };

		AA05 = {isa = PBXBuildFile; fileRef = FA05; };

		FB01 = {isa = PBXFrameworksBuildPhase; buildActionMask = 2147483647; files = (); runOnlyForDeploymentPostprocessing = 0; };

		FC00 = {isa = PBXGroup; children = (FC01, FC02); sourceTree = "<group>"; };
		FC01 = {isa = PBXGroup; children = (FA01, FA02, FA03, FA05, FA04, FA06); path = FakeCall; sourceTree = "<group>"; };
		FC02 = {isa = PBXGroup; children = (FA00); name = Products; sourceTree = "<group>"; };

		FD00 = {
			isa = PBXNativeTarget;
			buildConfigurationList = FE01;
			buildPhases = (FB02, FB01, FB03);
			buildRules = ();
			dependencies = ();
			name = FakeCall;
			productName = FakeCall;
			productReference = FA00;
			productType = "com.apple.product-type.application";
		};

		FD01 = {
			isa = PBXProject;
			attributes = {BuildIndependentTargetsInParallel = 1; LastSwiftUpdateCheck = 1600; LastUpgradeCheck = 1600;};
			buildConfigurationList = FE00;
			compatibilityVersion = "Xcode 14.0";
			developmentRegion = fr;
			hasScannedForEncodings = 0;
			knownRegions = (fr, en);
			mainGroup = FC00;
			productRefGroup = FC02;
			projectDirPath = "";
			projectRoot = "";
			targets = (FD00);
		};

		FB03 = {isa = PBXResourcesBuildPhase; buildActionMask = 2147483647; files = (AA04); runOnlyForDeploymentPostprocessing = 0; };
		FB02 = {isa = PBXSourcesBuildPhase; buildActionMask = 2147483647; files = (AA01, AA02, AA03, AA05); runOnlyForDeploymentPostprocessing = 0; };

		FF01 = {
			isa = XCBuildConfiguration;
			buildSettings = {
				ALWAYS_SEARCH_USER_PATHS = NO;
				CLANG_ENABLE_MODULES = YES;
				CLANG_ENABLE_OBJC_ARC = YES;
				COPY_PHASE_STRIP = NO;
				DEBUG_INFORMATION_FORMAT = dwarf;
				ENABLE_STRICT_OBJC_MSGSEND = YES;
				GCC_OPTIMIZATION_LEVEL = 0;
				MTL_ENABLE_DEBUG_INFO = INCLUDE_SOURCE;
				ONLY_ACTIVE_ARCH = YES;
				SDKROOT = iphoneos;
				SWIFT_ACTIVE_COMPILATION_CONDITIONS = DEBUG;
				SWIFT_OPTIMIZATION_LEVEL = "-Onone";
			};
			name = Debug;
		};
		FF02 = {
			isa = XCBuildConfiguration;
			buildSettings = {
				ALWAYS_SEARCH_USER_PATHS = NO;
				CLANG_ENABLE_MODULES = YES;
				CLANG_ENABLE_OBJC_ARC = YES;
				COPY_PHASE_STRIP = NO;
				DEBUG_INFORMATION_FORMAT = "dwarf-with-dsym";
				ENABLE_NS_ASSERTIONS = NO;
				ENABLE_STRICT_OBJC_MSGSEND = YES;
				MTL_ENABLE_DEBUG_INFO = NO;
				SDKROOT = iphoneos;
				SWIFT_COMPILATION_MODE = wholemodule;
				SWIFT_OPTIMIZATION_LEVEL = "-O";
				VALIDATE_PRODUCT = YES;
			};
			name = Release;
		};
		FF03 = {
			isa = XCBuildConfiguration;
			buildSettings = {
				ASSETCATALOG_COMPILER_APPICON_NAME = AppIcon;
				CODE_SIGN_IDENTITY = "-";
				CODE_SIGN_STYLE = Manual;
				DEVELOPMENT_TEAM = "";
				INFOPLIST_FILE = FakeCall/Info.plist;
				IPHONEOS_DEPLOYMENT_TARGET = 14.0;
				LD_RUNPATH_SEARCH_PATHS = ("$(inherited)", "@executable_path/Frameworks");
				PRODUCT_BUNDLE_IDENTIFIER = com.fakecall.app;
				PRODUCT_NAME = "$(TARGET_NAME)";
				PROVISIONING_PROFILE = "";
				PROVISIONING_PROFILE_SPECIFIER = "";
				SWIFT_VERSION = 5.0;
				TARGETED_DEVICE_FAMILY = 1;
			};
			name = Debug;
		};
		FF04 = {
			isa = XCBuildConfiguration;
			buildSettings = {
				ASSETCATALOG_COMPILER_APPICON_NAME = AppIcon;
				CODE_SIGN_IDENTITY = "-";
				CODE_SIGN_STYLE = Manual;
				DEVELOPMENT_TEAM = "";
				INFOPLIST_FILE = FakeCall/Info.plist;
				IPHONEOS_DEPLOYMENT_TARGET = 14.0;
				LD_RUNPATH_SEARCH_PATHS = ("$(inherited)", "@executable_path/Frameworks");
				PRODUCT_BUNDLE_IDENTIFIER = com.fakecall.app;
				PRODUCT_NAME = "$(TARGET_NAME)";
				PROVISIONING_PROFILE = "";
				PROVISIONING_PROFILE_SPECIFIER = "";
				SWIFT_VERSION = 5.0;
				TARGETED_DEVICE_FAMILY = 1;
			};
			name = Release;
		};

		FE00 = {isa = XCConfigurationList; buildConfigurations = (FF01, FF02); defaultConfigurationIsVisible = 0; defaultConfigurationName = Release;};
		FE01 = {isa = XCConfigurationList; buildConfigurations = (FF03, FF04); defaultConfigurationIsVisible = 0; defaultConfigurationName = Release;};
	};
	rootObject = FD01;
}
